
Microsoft Visual Studio Solution File, Format Version 12.00
# Visual Studio Version 16
VisualStudioVersion = 16.0.30907.101
MinimumVisualStudioVersion = 10.0.40219.1
Project("{FAE04EC0-301F-11D3-BF4B-00C04F79EFBC}") = "MyDictionary", "MyDictionary.csproj", "{EE9ECE1F-1C59-4467-875A-F109F8DEA1CF}"
EndProject
Global
	GlobalSection(SolutionConfigurationPlatforms) = preSolution
		Debug|Any CPU = Debug|Any CPU
		Release|Any CPU = Release|Any CPU
	EndGlobalSection
	GlobalSection(ProjectConfigurationPlatforms) = postSolution
		{EE9ECE1F-1C59-4467-875A-F109F8DEA1CF}.Debug|Any CPU.ActiveCfg = Debug|Any CPU
		{EE9ECE1F-1C59-4467-875A-F109F8DEA1CF}.Debug|Any CPU.Build.0 = Debug|Any CPU
		{EE9ECE1F-1C59-4467-875A-F109F8DEA1CF}.Release|Any CPU.ActiveCfg = Release|Any CPU
		{EE9ECE1F-1C59-4467-875A-F109F8DEA1CF}.Release|Any CPU.Build.0 = Release|Any CPU
	EndGlobalSection
	GlobalSection(SolutionProperties) = preSolution
		HideSolutionNode = FALSE
	EndGlobalSection
	GlobalSection(ExtensibilityGlobals) = postSolution
		SolutionGuid = {8B784C23-D24A-4555-8C10-62657A0F5C36}
	EndGlobalSection
EndGlobal
