
Microsoft Visual Studio Solution File, Format Version 12.00
# Visual Studio Version 16
VisualStudioVersion = 16.0.29920.165
MinimumVisualStudioVersion = 10.0.40219.1
Project("{9A19103F-16F7-4668-BE54-9A1E7A4F7556}") = "Methods", "Methods.csproj", "{CC5E6D9D-18F1-4F3C-8EE5-9BCC2FD9C0F2}"
EndProject
Global
	GlobalSection(SolutionConfigurationPlatforms) = preSolution
		Debug|Any CPU = Debug|Any CPU
		Release|Any CPU = Release|Any CPU
	EndGlobalSection
	GlobalSection(ProjectConfigurationPlatforms) = postSolution
		{CC5E6D9D-18F1-4F3C-8EE5-9BCC2FD9C0F2}.Debug|Any CPU.ActiveCfg = Debug|Any CPU
		{CC5E6D9D-18F1-4F3C-8EE5-9BCC2FD9C0F2}.Debug|Any CPU.Build.0 = Debug|Any CPU
		{CC5E6D9D-18F1-4F3C-8EE5-9BCC2FD9C0F2}.Release|Any CPU.ActiveCfg = Release|Any CPU
		{CC5E6D9D-18F1-4F3C-8EE5-9BCC2FD9C0F2}.Release|Any CPU.Build.0 = Release|Any CPU
	EndGlobalSection
	GlobalSection(SolutionProperties) = preSolution
		HideSolutionNode = FALSE
	EndGlobalSection
	GlobalSection(ExtensibilityGlobals) = postSolution
		SolutionGuid = {7DE9EB87-99AD-4D83-8306-2F38AA426A54}
	EndGlobalSection
EndGlobal
